// !$*UTF8*$!
{
	archiveVersion = 1;
	classes = {
	};
	objectVersion = 56;
	objects = {

/* Begin PBXBuildFile section */
		0A29FA2328E6E78C0046DC40 /* GratitudeApp.swift in Sources */ = {isa = PBXBuildFile; fileRef = 0A29FA2228E6E78C0046DC40 /* GratitudeApp.swift */; };
		0A29FA2728E6E78D0046DC40 /* Assets.xcassets in Resources */ = {isa = PBXBuildFile; fileRef = 0A29FA2628E6E78D0046DC40 /* Assets.xcassets */; };
		0A29FA2A28E6E78D0046DC40 /* Preview Assets.xcassets in Resources */ = {isa = PBXBuildFile; fileRef = 0A29FA2928E6E78D0046DC40 /* Preview Assets.xcassets */; };
		0A29FA3228E6E95F0046DC40 /* Realm in Frameworks */ = {isa = PBXBuildFile; productRef = 0A29FA3128E6E95F0046DC40 /* Realm */; };
		0A29FA3428E6E95F0046DC40 /* RealmSwift in Frameworks */ = {isa = PBXBuildFile; productRef = 0A29FA3328E6E95F0046DC40 /* RealmSwift */; };
		0A29FA4828E6EE8C0046DC40 /* Inter-BlackItalic.otf in Resources */ = {isa = PBXBuildFile; fileRef = 0A29FA3628E6EE8B0046DC40 /* Inter-BlackItalic.otf */; };
		0A29FA4928E6EE8C0046DC40 /* Inter-Bold.otf in Resources */ = {isa = PBXBuildFile; fileRef = 0A29FA3728E6EE8B0046DC40 /* Inter-Bold.otf */; };
		0A29FA4A28E6EE8C0046DC40 /* Inter-SemiBold.otf in Resources */ = {isa = PBXBuildFile; fileRef = 0A29FA3828E6EE8B0046DC40 /* Inter-SemiBold.otf */; };
		0A29FA4B28E6EE8C0046DC40 /* Inter-SemiBoldItalic.otf in Resources */ = {isa = PBXBuildFile; fileRef = 0A29FA3928E6EE8B0046DC40 /* Inter-SemiBoldItalic.otf */; };
		0A29FA4C28E6EE8C0046DC40 /* Inter-Regular.otf in Resources */ = {isa = PBXBuildFile; fileRef = 0A29FA3A28E6EE8B0046DC40 /* Inter-Regular.otf */; };
		0A29FA4D28E6EE8C0046DC40 /* Inter-ExtraLightItalic.otf in Resources */ = {isa = PBXBuildFile; fileRef = 0A29FA3B28E6EE8B0046DC40 /* Inter-ExtraLightItalic.otf */; };
		0A29FA4E28E6EE8C0046DC40 /* Inter-ThinItalic.otf in Resources */ = {isa = PBXBuildFile; fileRef = 0A29FA3C28E6EE8B0046DC40 /* Inter-ThinItalic.otf */; };
		0A29FA4F28E6EE8C0046DC40 /* Inter-ExtraLight.otf in Resources */ = {isa = PBXBuildFile; fileRef = 0A29FA3D28E6EE8B0046DC40 /* Inter-ExtraLight.otf */; };
		0A29FA5028E6EE8C0046DC40 /* Inter-BoldItalic.otf in Resources */ = {isa = PBXBuildFile; fileRef = 0A29FA3E28E6EE8B0046DC40 /* Inter-BoldItalic.otf */; };
		0A29FA5128E6EE8C0046DC40 /* Inter-Black.otf in Resources */ = {isa = PBXBuildFile; fileRef = 0A29FA3F28E6EE8B0046DC40 /* Inter-Black.otf */; };
		0A29FA5228E6EE8C0046DC40 /* Inter-Medium.otf in Resources */ = {isa = PBXBuildFile; fileRef = 0A29FA4028E6EE8B0046DC40 /* Inter-Medium.otf */; };
		0A29FA5328E6EE8C0046DC40 /* Inter-Italic.otf in Resources */ = {isa = PBXBuildFile; fileRef = 0A29FA4128E6EE8B0046DC40 /* Inter-Italic.otf */; };
		0A29FA5428E6EE8C0046DC40 /* Inter-ExtraBold.otf in Resources */ = {isa = PBXBuildFile; fileRef = 0A29FA4228E6EE8B0046DC40 /* Inter-ExtraBold.otf */; };
		0A29FA5528E6EE8C0046DC40 /* Inter-Light.otf in Resources */ = {isa = PBXBuildFile; fileRef = 0A29FA4328E6EE8C0046DC40 /* Inter-Light.otf */; };
		0A29FA5628E6EE8C0046DC40 /* Inter-Thin.otf in Resources */ = {isa = PBXBuildFile; fileRef = 0A29FA4428E6EE8C0046DC40 /* Inter-Thin.otf */; };
		0A29FA5728E6EE8C0046DC40 /* Inter-ExtraBoldItalic.otf in Resources */ = {isa = PBXBuildFile; fileRef = 0A29FA4528E6EE8C0046DC40 /* Inter-ExtraBoldItalic.otf */; };
		0A29FA5828E6EE8C0046DC40 /* Inter-MediumItalic.otf in Resources */ = {isa = PBXBuildFile; fileRef = 0A29FA4628E6EE8C0046DC40 /* Inter-MediumItalic.otf */; };
		0A29FA5928E6EE8C0046DC40 /* Inter-LightItalic.otf in Resources */ = {isa = PBXBuildFile; fileRef = 0A29FA4728E6EE8C0046DC40 /* Inter-LightItalic.otf */; };
		0A29FA5E28E6F65A0046DC40 /* OnboardingOpeningView.swift in Sources */ = {isa = PBXBuildFile; fileRef = 0A29FA5D28E6F65A0046DC40 /* OnboardingOpeningView.swift */; };
		0A29FA6028E7016A0046DC40 /* OnboardingUsername.swift in Sources */ = {isa = PBXBuildFile; fileRef = 0A29FA5F28E7016A0046DC40 /* OnboardingUsername.swift */; };
		0A29FA6228E70EAE0046DC40 /* View+Extension.swift in Sources */ = {isa = PBXBuildFile; fileRef = 0A29FA6128E70EAE0046DC40 /* View+Extension.swift */; };
		0A29FA6428E714960046DC40 /* OnboardingVisionBoardTitle.swift in Sources */ = {isa = PBXBuildFile; fileRef = 0A29FA6328E714960046DC40 /* OnboardingVisionBoardTitle.swift */; };
		0A29FA6728E727550046DC40 /* FlowLayout.swift in Sources */ = {isa = PBXBuildFile; fileRef = 0A29FA6628E727550046DC40 /* FlowLayout.swift */; };
		0A29FA6A28E732340046DC40 /* IdentifiableString.swift in Sources */ = {isa = PBXBuildFile; fileRef = 0A29FA6928E732340046DC40 /* IdentifiableString.swift */; };
		0A29FA6C28E73AC10046DC40 /* AddSection.swift in Sources */ = {isa = PBXBuildFile; fileRef = 0A29FA6B28E73AC10046DC40 /* AddSection.swift */; };
		0A29FA7128E7439E0046DC40 /* HomeView.swift in Sources */ = {isa = PBXBuildFile; fileRef = 0A29FA7028E7439E0046DC40 /* HomeView.swift */; };
		0A29FA7328E769C20046DC40 /* User.swift in Sources */ = {isa = PBXBuildFile; fileRef = 0A29FA7228E769C20046DC40 /* User.swift */; };
		0A29FA7528E76E0F0046DC40 /* Section.swift in Sources */ = {isa = PBXBuildFile; fileRef = 0A29FA7428E76E0F0046DC40 /* Section.swift */; };
		0A29FA7728E76E2B0046DC40 /* VBImage.swift in Sources */ = {isa = PBXBuildFile; fileRef = 0A29FA7628E76E2B0046DC40 /* VBImage.swift */; };
		0A29FA7F28E8023E0046DC40 /* StateManager.swift in Sources */ = {isa = PBXBuildFile; fileRef = 0A29FA7E28E8023E0046DC40 /* StateManager.swift */; };
		0A29FA8128E8202F0046DC40 /* OnboardingView.swift in Sources */ = {isa = PBXBuildFile; fileRef = 0A29FA8028E8202F0046DC40 /* OnboardingView.swift */; };
		0A29FA8328E83B970046DC40 /* UINavigationController+Extension.swift in Sources */ = {isa = PBXBuildFile; fileRef = 0A29FA8228E83B970046DC40 /* UINavigationController+Extension.swift */; };
		0A29FA8528E842A50046DC40 /* NavigationButtonStyle.swift in Sources */ = {isa = PBXBuildFile; fileRef = 0A29FA8428E842A50046DC40 /* NavigationButtonStyle.swift */; };
/* End PBXBuildFile section */

/* Begin PBXFileReference section */
		0A29FA1F28E6E78C0046DC40 /* Gratitude.app */ = {isa = PBXFileReference; explicitFileType = wrapper.application; includeInIndex = 0; path = Gratitude.app; sourceTree = BUILT_PRODUCTS_DIR; };
		0A29FA2228E6E78C0046DC40 /* GratitudeApp.swift */ = {isa = PBXFileReference; lastKnownFileType = sourcecode.swift; path = GratitudeApp.swift; sourceTree = "<group>"; };
		0A29FA2628E6E78D0046DC40 /* Assets.xcassets */ = {isa = PBXFileReference; lastKnownFileType = folder.assetcatalog; path = Assets.xcassets; sourceTree = "<group>"; };
		0A29FA2928E6E78D0046DC40 /* Preview Assets.xcassets */ = {isa = PBXFileReference; lastKnownFileType = folder.assetcatalog; path = "Preview Assets.xcassets"; sourceTree = "<group>"; };
		0A29FA3628E6EE8B0046DC40 /* Inter-BlackItalic.otf */ = {isa = PBXFileReference; lastKnownFileType = file; path = "Inter-BlackItalic.otf"; sourceTree = "<group>"; };
		0A29FA3728E6EE8B0046DC40 /* Inter-Bold.otf */ = {isa = PBXFileReference; lastKnownFileType = file; path = "Inter-Bold.otf"; sourceTree = "<group>"; };
		0A29FA3828E6EE8B0046DC40 /* Inter-SemiBold.otf */ = {isa = PBXFileReference; lastKnownFileType = file; path = "Inter-SemiBold.otf"; sourceTree = "<group>"; };
		0A29FA3928E6EE8B0046DC40 /* Inter-SemiBoldItalic.otf */ = {isa = PBXFileReference; lastKnownFileType = file; path = "Inter-SemiBoldItalic.otf"; sourceTree = "<group>"; };
		0A29FA3A28E6EE8B0046DC40 /* Inter-Regular.otf */ = {isa = PBXFileReference; lastKnownFileType = file; path = "Inter-Regular.otf"; sourceTree = "<group>"; };
		0A29FA3B28E6EE8B0046DC40 /* Inter-ExtraLightItalic.otf */ = {isa = PBXFileReference; lastKnownFileType = file; path = "Inter-ExtraLightItalic.otf"; sourceTree = "<group>"; };
		0A29FA3C28E6EE8B0046DC40 /* Inter-ThinItalic.otf */ = {isa = PBXFileReference; lastKnownFileType = file; path = "Inter-ThinItalic.otf"; sourceTree = "<group>"; };
		0A29FA3D28E6EE8B0046DC40 /* Inter-ExtraLight.otf */ = {isa = PBXFileReference; lastKnownFileType = file; path = "Inter-ExtraLight.otf"; sourceTree = "<group>"; };
		0A29FA3E28E6EE8B0046DC40 /* Inter-BoldItalic.otf */ = {isa = PBXFileReference; lastKnownFileType = file; path = "Inter-BoldItalic.otf"; sourceTree = "<group>"; };
		0A29FA3F28E6EE8B0046DC40 /* Inter-Black.otf */ = {isa = PBXFileReference; lastKnownFileType = file; path = "Inter-Black.otf"; sourceTree = "<group>"; };
		0A29FA4028E6EE8B0046DC40 /* Inter-Medium.otf */ = {isa = PBXFileReference; lastKnownFileType = file; path = "Inter-Medium.otf"; sourceTree = "<group>"; };
		0A29FA4128E6EE8B0046DC40 /* Inter-Italic.otf */ = {isa = PBXFileReference; lastKnownFileType = file; path = "Inter-Italic.otf"; sourceTree = "<group>"; };
		0A29FA4228E6EE8B0046DC40 /* Inter-ExtraBold.otf */ = {isa = PBXFileReference; lastKnownFileType = file; path = "Inter-ExtraBold.otf"; sourceTree = "<group>"; };
		0A29FA4328E6EE8C0046DC40 /* Inter-Light.otf */ = {isa = PBXFileReference; lastKnownFileType = file; path = "Inter-Light.otf"; sourceTree = "<group>"; };
		0A29FA4428E6EE8C0046DC40 /* Inter-Thin.otf */ = {isa = PBXFileReference; lastKnownFileType = file; path = "Inter-Thin.otf"; sourceTree = "<group>"; };
		0A29FA4528E6EE8C0046DC40 /* Inter-ExtraBoldItalic.otf */ = {isa = PBXFileReference; lastKnownFileType = file; path = "Inter-ExtraBoldItalic.otf"; sourceTree = "<group>"; };
		0A29FA4628E6EE8C0046DC40 /* Inter-MediumItalic.otf */ = {isa = PBXFileReference; lastKnownFileType = file; path = "Inter-MediumItalic.otf"; sourceTree = "<group>"; };
		0A29FA4728E6EE8C0046DC40 /* Inter-LightItalic.otf */ = {isa = PBXFileReference; lastKnownFileType = file; path = "Inter-LightItalic.otf"; sourceTree = "<group>"; };
		0A29FA5A28E6EEAC0046DC40 /* Info.plist */ = {isa = PBXFileReference; lastKnownFileType = text.plist; path = Info.plist; sourceTree = "<group>"; };
		0A29FA5D28E6F65A0046DC40 /* OnboardingOpeningView.swift */ = {isa = PBXFileReference; lastKnownFileType = sourcecode.swift; path = OnboardingOpeningView.swift; sourceTree = "<group>"; };
		0A29FA5F28E7016A0046DC40 /* OnboardingUsername.swift */ = {isa = PBXFileReference; lastKnownFileType = sourcecode.swift; path = OnboardingUsername.swift; sourceTree = "<group>"; };
		0A29FA6128E70EAE0046DC40 /* View+Extension.swift */ = {isa = PBXFileReference; lastKnownFileType = sourcecode.swift; path = "View+Extension.swift"; sourceTree = "<group>"; };
		0A29FA6328E714960046DC40 /* OnboardingVisionBoardTitle.swift */ = {isa = PBXFileReference; lastKnownFileType = sourcecode.swift; path = OnboardingVisionBoardTitle.swift; sourceTree = "<group>"; };
		0A29FA6628E727550046DC40 /* FlowLayout.swift */ = {isa = PBXFileReference; lastKnownFileType = sourcecode.swift; path = FlowLayout.swift; sourceTree = "<group>"; };
		0A29FA6928E732340046DC40 /* IdentifiableString.swift */ = {isa = PBXFileReference; lastKnownFileType = sourcecode.swift; path = IdentifiableString.swift; sourceTree = "<group>"; };
		0A29FA6B28E73AC10046DC40 /* AddSection.swift */ = {isa = PBXFileReference; lastKnownFileType = sourcecode.swift; path = AddSection.swift; sourceTree = "<group>"; };
		0A29FA7028E7439E0046DC40 /* HomeView.swift */ = {isa = PBXFileReference; lastKnownFileType = sourcecode.swift; path = HomeView.swift; sourceTree = "<group>"; };
		0A29FA7228E769C20046DC40 /* User.swift */ = {isa = PBXFileReference; lastKnownFileType = sourcecode.swift; path = User.swift; sourceTree = "<group>"; };
		0A29FA7428E76E0F0046DC40 /* Section.swift */ = {isa = PBXFileReference; lastKnownFileType = sourcecode.swift; path = Section.swift; sourceTree = "<group>"; };
		0A29FA7628E76E2B0046DC40 /* VBImage.swift */ = {isa = PBXFileReference; lastKnownFileType = sourcecode.swift; path = VBImage.swift; sourceTree = "<group>"; };
		0A29FA7E28E8023E0046DC40 /* StateManager.swift */ = {isa = PBXFileReference; lastKnownFileType = sourcecode.swift; path = StateManager.swift; sourceTree = "<group>"; };
		0A29FA8028E8202F0046DC40 /* OnboardingView.swift */ = {isa = PBXFileReference; lastKnownFileType = sourcecode.swift; path = OnboardingView.swift; sourceTree = "<group>"; };
		0A29FA8228E83B970046DC40 /* UINavigationController+Extension.swift */ = {isa = PBXFileReference; lastKnownFileType = sourcecode.swift; path = "UINavigationController+Extension.swift"; sourceTree = "<group>"; };
		0A29FA8428E842A50046DC40 /* NavigationButtonStyle.swift */ = {isa = PBXFileReference; lastKnownFileType = sourcecode.swift; path = NavigationButtonStyle.swift; sourceTree = "<group>"; };
/* End PBXFileReference section */

/* Begin PBXFrameworksBuildPhase section */
		0A29FA1C28E6E78C0046DC40 /* Frameworks */ = {
			isa = PBXFrameworksBuildPhase;
			buildActionMask = 2147483647;
			files = (
				0A29FA3428E6E95F0046DC40 /* RealmSwift in Frameworks */,
				0A29FA3228E6E95F0046DC40 /* Realm in Frameworks */,
			);
			runOnlyForDeploymentPostprocessing = 0;
		};
/* End PBXFrameworksBuildPhase section */

/* Begin PBXGroup section */
		0A29FA1628E6E78C0046DC40 = {
			isa = PBXGroup;
			children = (
				0A29FA2128E6E78C0046DC40 /* Gratitude */,
				0A29FA2028E6E78C0046DC40 /* Products */,
			);
			sourceTree = "<group>";
		};
		0A29FA2028E6E78C0046DC40 /* Products */ = {
			isa = PBXGroup;
			children = (
				0A29FA1F28E6E78C0046DC40 /* Gratitude.app */,
			);
			name = Products;
			sourceTree = "<group>";
		};
		0A29FA2128E6E78C0046DC40 /* Gratitude */ = {
			isa = PBXGroup;
			children = (
				0A29FA5A28E6EEAC0046DC40 /* Info.plist */,
				0A29FA3528E6ED4C0046DC40 /* Fonts */,
				0A29FA2228E6E78C0046DC40 /* GratitudeApp.swift */,
				0A29FA7E28E8023E0046DC40 /* StateManager.swift */,
				0A29FA6D28E7413C0046DC40 /* Views */,
				0A29FA6828E7321B0046DC40 /* Models */,
				0A29FA6128E70EAE0046DC40 /* View+Extension.swift */,
				0A29FA8428E842A50046DC40 /* NavigationButtonStyle.swift */,
				0A29FA8228E83B970046DC40 /* UINavigationController+Extension.swift */,
				0A29FA6528E7272A0046DC40 /* Components */,
				0A29FA2628E6E78D0046DC40 /* Assets.xcassets */,
				0A29FA2828E6E78D0046DC40 /* Preview Content */,
			);
			path = Gratitude;
			sourceTree = "<group>";
		};
		0A29FA2828E6E78D0046DC40 /* Preview Content */ = {
			isa = PBXGroup;
			children = (
				0A29FA2928E6E78D0046DC40 /* Preview Assets.xcassets */,
			);
			path = "Preview Content";
			sourceTree = "<group>";
		};
		0A29FA3528E6ED4C0046DC40 /* Fonts */ = {
			isa = PBXGroup;
			children = (
				0A29FA3F28E6EE8B0046DC40 /* Inter-Black.otf */,
				0A29FA3628E6EE8B0046DC40 /* Inter-BlackItalic.otf */,
				0A29FA3728E6EE8B0046DC40 /* Inter-Bold.otf */,
				0A29FA3E28E6EE8B0046DC40 /* Inter-BoldItalic.otf */,
				0A29FA4228E6EE8B0046DC40 /* Inter-ExtraBold.otf */,
				0A29FA4528E6EE8C0046DC40 /* Inter-ExtraBoldItalic.otf */,
				0A29FA3D28E6EE8B0046DC40 /* Inter-ExtraLight.otf */,
				0A29FA3B28E6EE8B0046DC40 /* Inter-ExtraLightItalic.otf */,
				0A29FA4128E6EE8B0046DC40 /* Inter-Italic.otf */,
				0A29FA4328E6EE8C0046DC40 /* Inter-Light.otf */,
				0A29FA4728E6EE8C0046DC40 /* Inter-LightItalic.otf */,
				0A29FA4028E6EE8B0046DC40 /* Inter-Medium.otf */,
				0A29FA4628E6EE8C0046DC40 /* Inter-MediumItalic.otf */,
				0A29FA3A28E6EE8B0046DC40 /* Inter-Regular.otf */,
				0A29FA3828E6EE8B0046DC40 /* Inter-SemiBold.otf */,
				0A29FA3928E6EE8B0046DC40 /* Inter-SemiBoldItalic.otf */,
				0A29FA4428E6EE8C0046DC40 /* Inter-Thin.otf */,
				0A29FA3C28E6EE8B0046DC40 /* Inter-ThinItalic.otf */,
			);
			path = Fonts;
			sourceTree = "<group>";
		};
		0A29FA6528E7272A0046DC40 /* Components */ = {
			isa = PBXGroup;
			children = (
				0A29FA6628E727550046DC40 /* FlowLayout.swift */,
			);
			path = Components;
			sourceTree = "<group>";
		};
		0A29FA6828E7321B0046DC40 /* Models */ = {
			isa = PBXGroup;
			children = (
				0A29FA6928E732340046DC40 /* IdentifiableString.swift */,
				0A29FA7228E769C20046DC40 /* User.swift */,
				0A29FA7428E76E0F0046DC40 /* Section.swift */,
				0A29FA7628E76E2B0046DC40 /* VBImage.swift */,
			);
			path = Models;
			sourceTree = "<group>";
		};
		0A29FA6D28E7413C0046DC40 /* Views */ = {
			isa = PBXGroup;
			children = (
				0A29FA8028E8202F0046DC40 /* OnboardingView.swift */,
				0A29FA6F28E7438C0046DC40 /* SessionViews */,
				0A29FA6E28E741570046DC40 /* OnboardingViews */,
			);
			path = Views;
			sourceTree = "<group>";
		};
		0A29FA6E28E741570046DC40 /* OnboardingViews */ = {
			isa = PBXGroup;
			children = (
				0A29FA5D28E6F65A0046DC40 /* OnboardingOpeningView.swift */,
				0A29FA5F28E7016A0046DC40 /* OnboardingUsername.swift */,
				0A29FA6328E714960046DC40 /* OnboardingVisionBoardTitle.swift */,
			);
			path = OnboardingViews;
			sourceTree = "<group>";
		};
		0A29FA6F28E7438C0046DC40 /* SessionViews */ = {
			isa = PBXGroup;
			children = (
				0A29FA7028E7439E0046DC40 /* HomeView.swift */,
				0A29FA6B28E73AC10046DC40 /* AddSection.swift */,
			);
			path = SessionViews;
			sourceTree = "<group>";
		};
/* End PBXGroup section */

/* Begin PBXNativeTarget section */
		0A29FA1E28E6E78C0046DC40 /* Gratitude */ = {
			isa = PBXNativeTarget;
			buildConfigurationList = 0A29FA2D28E6E78D0046DC40 /* Build configuration list for PBXNativeTarget "Gratitude" */;
			buildPhases = (
				0A29FA1B28E6E78C0046DC40 /* Sources */,
				0A29FA1C28E6E78C0046DC40 /* Frameworks */,
				0A29FA1D28E6E78C0046DC40 /* Resources */,
			);
			buildRules = (
			);
			dependencies = (
			);
			name = Gratitude;
			packageProductDependencies = (
				0A29FA3128E6E95F0046DC40 /* Realm */,
				0A29FA3328E6E95F0046DC40 /* RealmSwift */,
			);
			productName = Gratitude;
			productReference = 0A29FA1F28E6E78C0046DC40 /* Gratitude.app */;
			productType = "com.apple.product-type.application";
		};
/* End PBXNativeTarget section */

/* Begin PBXProject section */
		0A29FA1728E6E78C0046DC40 /* Project object */ = {
			isa = PBXProject;
			attributes = {
				BuildIndependentTargetsInParallel = 1;
				LastSwiftUpdateCheck = 1400;
				LastUpgradeCheck = 1400;
				TargetAttributes = {
					0A29FA1E28E6E78C0046DC40 = {
						CreatedOnToolsVersion = 14.0.1;
					};
				};
			};
			buildConfigurationList = 0A29FA1A28E6E78C0046DC40 /* Build configuration list for PBXProject "Gratitude" */;
			compatibilityVersion = "Xcode 14.0";
			developmentRegion = en;
			hasScannedForEncodings = 0;
			knownRegions = (
				en,
				Base,
			);
			mainGroup = 0A29FA1628E6E78C0046DC40;
			packageReferences = (
				0A29FA3028E6E95F0046DC40 /* XCRemoteSwiftPackageReference "realm-swift" */,
			);
			productRefGroup = 0A29FA2028E6E78C0046DC40 /* Products */;
			projectDirPath = "";
			projectRoot = "";
			targets = (
				0A29FA1E28E6E78C0046DC40 /* Gratitude */,
			);
		};
/* End PBXProject section */

/* Begin PBXResourcesBuildPhase section */
		0A29FA1D28E6E78C0046DC40 /* Resources */ = {
			isa = PBXResourcesBuildPhase;
			buildActionMask = 2147483647;
			files = (
				0A29FA2A28E6E78D0046DC40 /* Preview Assets.xcassets in Resources */,
				0A29FA4928E6EE8C0046DC40 /* Inter-Bold.otf in Resources */,
				0A29FA4D28E6EE8C0046DC40 /* Inter-ExtraLightItalic.otf in Resources */,
				0A29FA5628E6EE8C0046DC40 /* Inter-Thin.otf in Resources */,
				0A29FA2728E6E78D0046DC40 /* Assets.xcassets in Resources */,
				0A29FA4A28E6EE8C0046DC40 /* Inter-SemiBold.otf in Resources */,
				0A29FA5428E6EE8C0046DC40 /* Inter-ExtraBold.otf in Resources */,
				0A29FA4C28E6EE8C0046DC40 /* Inter-Regular.otf in Resources */,
				0A29FA5828E6EE8C0046DC40 /* Inter-MediumItalic.otf in Resources */,
				0A29FA5928E6EE8C0046DC40 /* Inter-LightItalic.otf in Resources */,
				0A29FA4F28E6EE8C0046DC40 /* Inter-ExtraLight.otf in Resources */,
				0A29FA4828E6EE8C0046DC40 /* Inter-BlackItalic.otf in Resources */,
				0A29FA5028E6EE8C0046DC40 /* Inter-BoldItalic.otf in Resources */,
				0A29FA4B28E6EE8C0046DC40 /* Inter-SemiBoldItalic.otf in Resources */,
				0A29FA5128E6EE8C0046DC40 /* Inter-Black.otf in Resources */,
				0A29FA4E28E6EE8C0046DC40 /* Inter-ThinItalic.otf in Resources */,
				0A29FA5728E6EE8C0046DC40 /* Inter-ExtraBoldItalic.otf in Resources */,
				0A29FA5528E6EE8C0046DC40 /* Inter-Light.otf in Resources */,
				0A29FA5328E6EE8C0046DC40 /* Inter-Italic.otf in Resources */,
				0A29FA5228E6EE8C0046DC40 /* Inter-Medium.otf in Resources */,
			);
			runOnlyForDeploymentPostprocessing = 0;
		};
/* End PBXResourcesBuildPhase section */

/* Begin PBXSourcesBuildPhase section */
		0A29FA1B28E6E78C0046DC40 /* Sources */ = {
			isa = PBXSourcesBuildPhase;
			buildActionMask = 2147483647;
			files = (
				0A29FA7728E76E2B0046DC40 /* VBImage.swift in Sources */,
				0A29FA2328E6E78C0046DC40 /* GratitudeApp.swift in Sources */,
				0A29FA8328E83B970046DC40 /* UINavigationController+Extension.swift in Sources */,
				0A29FA8528E842A50046DC40 /* NavigationButtonStyle.swift in Sources */,
				0A29FA8128E8202F0046DC40 /* OnboardingView.swift in Sources */,
				0A29FA6228E70EAE0046DC40 /* View+Extension.swift in Sources */,
				0A29FA7128E7439E0046DC40 /* HomeView.swift in Sources */,
				0A29FA6A28E732340046DC40 /* IdentifiableString.swift in Sources */,
				0A29FA7F28E8023E0046DC40 /* StateManager.swift in Sources */,
				0A29FA6028E7016A0046DC40 /* OnboardingUsername.swift in Sources */,
				0A29FA5E28E6F65A0046DC40 /* OnboardingOpeningView.swift in Sources */,
				0A29FA6728E727550046DC40 /* FlowLayout.swift in Sources */,
				0A29FA6C28E73AC10046DC40 /* AddSection.swift in Sources */,
				0A29FA7528E76E0F0046DC40 /* Section.swift in Sources */,
				0A29FA6428E714960046DC40 /* OnboardingVisionBoardTitle.swift in Sources */,
				0A29FA7328E769C20046DC40 /* User.swift in Sources */,
			);
			runOnlyForDeploymentPostprocessing = 0;
		};
/* End PBXSourcesBuildPhase section */

/* Begin XCBuildConfiguration section */
		0A29FA2B28E6E78D0046DC40 /* Debug */ = {
			isa = XCBuildConfiguration;
			buildSettings = {
				ALWAYS_SEARCH_USER_PATHS = NO;
				CLANG_ANALYZER_NONNULL = YES;
				CLANG_ANALYZER_NUMBER_OBJECT_CONVERSION = YES_AGGRESSIVE;
				CLANG_CXX_LANGUAGE_STANDARD = "gnu++20";
				CLANG_ENABLE_MODULES = YES;
				CLANG_ENABLE_OBJC_ARC = YES;
				CLANG_ENABLE_OBJC_WEAK = YES;
				CLANG_WARN_BLOCK_CAPTURE_AUTORELEASING = YES;
				CLANG_WARN_BOOL_CONVERSION = YES;
				CLANG_WARN_COMMA = YES;
				CLANG_WARN_CONSTANT_CONVERSION = YES;
				CLANG_WARN_DEPRECATED_OBJC_IMPLEMENTATIONS = YES;
				CLANG_WARN_DIRECT_OBJC_ISA_USAGE = YES_ERROR;
				CLANG_WARN_DOCUMENTATION_COMMENTS = YES;
				CLANG_WARN_EMPTY_BODY = YES;
				CLANG_WARN_ENUM_CONVERSION = YES;
				CLANG_WARN_INFINITE_RECURSION = YES;
				CLANG_WARN_INT_CONVERSION = YES;
				CLANG_WARN_NON_LITERAL_NULL_CONVERSION = YES;
				CLANG_WARN_OBJC_IMPLICIT_RETAIN_SELF = YES;
				CLANG_WARN_OBJC_LITERAL_CONVERSION = YES;
				CLANG_WARN_OBJC_ROOT_CLASS = YES_ERROR;
				CLANG_WARN_QUOTED_INCLUDE_IN_FRAMEWORK_HEADER = YES;
				CLANG_WARN_RANGE_LOOP_ANALYSIS = YES;
				CLANG_WARN_STRICT_PROTOTYPES = YES;
				CLANG_WARN_SUSPICIOUS_MOVE = YES;
				CLANG_WARN_UNGUARDED_AVAILABILITY = YES_AGGRESSIVE;
				CLANG_WARN_UNREACHABLE_CODE = YES;
				CLANG_WARN__DUPLICATE_METHOD_MATCH = YES;
				COPY_PHASE_STRIP = NO;
				DEBUG_INFORMATION_FORMAT = dwarf;
				ENABLE_STRICT_OBJC_MSGSEND = YES;
				ENABLE_TESTABILITY = YES;
				GCC_C_LANGUAGE_STANDARD = gnu11;
				GCC_DYNAMIC_NO_PIC = NO;
				GCC_NO_COMMON_BLOCKS = YES;
				GCC_OPTIMIZATION_LEVEL = 0;
				GCC_PREPROCESSOR_DEFINITIONS = (
					"DEBUG=1",
					"$(inherited)",
				);
				GCC_WARN_64_TO_32_BIT_CONVERSION = YES;
				GCC_WARN_ABOUT_RETURN_TYPE = YES_ERROR;
				GCC_WARN_UNDECLARED_SELECTOR = YES;
				GCC_WARN_UNINITIALIZED_AUTOS = YES_AGGRESSIVE;
				GCC_WARN_UNUSED_FUNCTION = YES;
				GCC_WARN_UNUSED_VARIABLE = YES;
				IPHONEOS_DEPLOYMENT_TARGET = 16.0;
				MTL_ENABLE_DEBUG_INFO = INCLUDE_SOURCE;
				MTL_FAST_MATH = YES;
				ONLY_ACTIVE_ARCH = YES;
				SDKROOT = iphoneos;
				SWIFT_ACTIVE_COMPILATION_CONDITIONS = DEBUG;
				SWIFT_OPTIMIZATION_LEVEL = "-Onone";
			};
			name = Debug;
		};
		0A29FA2C28E6E78D0046DC40 /* Release */ = {
			isa = XCBuildConfiguration;
			buildSettings = {
				ALWAYS_SEARCH_USER_PATHS = NO;
				CLANG_ANALYZER_NONNULL = YES;
				CLANG_ANALYZER_NUMBER_OBJECT_CONVERSION = YES_AGGRESSIVE;
				CLANG_CXX_LANGUAGE_STANDARD = "gnu++20";
				CLANG_ENABLE_MODULES = YES;
				CLANG_ENABLE_OBJC_ARC = YES;
				CLANG_ENABLE_OBJC_WEAK = YES;
				CLANG_WARN_BLOCK_CAPTURE_AUTORELEASING = YES;
				CLANG_WARN_BOOL_CONVERSION = YES;
				CLANG_WARN_COMMA = YES;
				CLANG_WARN_CONSTANT_CONVERSION = YES;
				CLANG_WARN_DEPRECATED_OBJC_IMPLEMENTATIONS = YES;
				CLANG_WARN_DIRECT_OBJC_ISA_USAGE = YES_ERROR;
				CLANG_WARN_DOCUMENTATION_COMMENTS = YES;
				CLANG_WARN_EMPTY_BODY = YES;
				CLANG_WARN_ENUM_CONVERSION = YES;
				CLANG_WARN_INFINITE_RECURSION = YES;
				CLANG_WARN_INT_CONVERSION = YES;
				CLANG_WARN_NON_LITERAL_NULL_CONVERSION = YES;
				CLANG_WARN_OBJC_IMPLICIT_RETAIN_SELF = YES;
				CLANG_WARN_OBJC_LITERAL_CONVERSION = YES;
				CLANG_WARN_OBJC_ROOT_CLASS = YES_ERROR;
				CLANG_WARN_QUOTED_INCLUDE_IN_FRAMEWORK_HEADER = YES;
				CLANG_WARN_RANGE_LOOP_ANALYSIS = YES;
				CLANG_WARN_STRICT_PROTOTYPES = YES;
				CLANG_WARN_SUSPICIOUS_MOVE = YES;
				CLANG_WARN_UNGUARDED_AVAILABILITY = YES_AGGRESSIVE;
				CLANG_WARN_UNREACHABLE_CODE = YES;
				CLANG_WARN__DUPLICATE_METHOD_MATCH = YES;
				COPY_PHASE_STRIP = NO;
				DEBUG_INFORMATION_FORMAT = "dwarf-with-dsym";
				ENABLE_NS_ASSERTIONS = NO;
				ENABLE_STRICT_OBJC_MSGSEND = YES;
				GCC_C_LANGUAGE_STANDARD = gnu11;
				GCC_NO_COMMON_BLOCKS = YES;
				GCC_WARN_64_TO_32_BIT_CONVERSION = YES;
				GCC_WARN_ABOUT_RETURN_TYPE = YES_ERROR;
				GCC_WARN_UNDECLARED_SELECTOR = YES;
				GCC_WARN_UNINITIALIZED_AUTOS = YES_AGGRESSIVE;
				GCC_WARN_UNUSED_FUNCTION = YES;
				GCC_WARN_UNUSED_VARIABLE = YES;
				IPHONEOS_DEPLOYMENT_TARGET = 16.0;
				MTL_ENABLE_DEBUG_INFO = NO;
				MTL_FAST_MATH = YES;
				SDKROOT = iphoneos;
				SWIFT_COMPILATION_MODE = wholemodule;
				SWIFT_OPTIMIZATION_LEVEL = "-O";
				VALIDATE_PRODUCT = YES;
			};
			name = Release;
		};
		0A29FA2E28E6E78D0046DC40 /* Debug */ = {
			isa = XCBuildConfiguration;
			buildSettings = {
				ASSETCATALOG_COMPILER_APPICON_NAME = AppIcon;
				ASSETCATALOG_COMPILER_GLOBAL_ACCENT_COLOR_NAME = AccentColor;
				CODE_SIGN_STYLE = Automatic;
				CURRENT_PROJECT_VERSION = 1;
				DEVELOPMENT_ASSET_PATHS = "\"Gratitude/Preview Content\"";
				DEVELOPMENT_TEAM = 7SFL7KYWRD;
				ENABLE_PREVIEWS = YES;
				GENERATE_INFOPLIST_FILE = YES;
				INFOPLIST_FILE = Gratitude/Info.plist;
				INFOPLIST_KEY_UIApplicationSceneManifest_Generation = YES;
				INFOPLIST_KEY_UIApplicationSupportsIndirectInputEvents = YES;
				INFOPLIST_KEY_UILaunchScreen_Generation = YES;
				INFOPLIST_KEY_UISupportedInterfaceOrientations_iPad = "UIInterfaceOrientationPortrait UIInterfaceOrientationPortraitUpsideDown UIInterfaceOrientationLandscapeLeft UIInterfaceOrientationLandscapeRight";
				INFOPLIST_KEY_UISupportedInterfaceOrientations_iPhone = "UIInterfaceOrientationPortrait UIInterfaceOrientationLandscapeLeft UIInterfaceOrientationLandscapeRight";
				LD_RUNPATH_SEARCH_PATHS = (
					"$(inherited)",
					"@executable_path/Frameworks",
				);
				MARKETING_VERSION = 1.0;
				PRODUCT_BUNDLE_IDENTIFIER = com.sukidhar.Gratitude;
				PRODUCT_NAME = "$(TARGET_NAME)";
				SWIFT_EMIT_LOC_STRINGS = YES;
				SWIFT_VERSION = 5.0;
				TARGETED_DEVICE_FAMILY = "1,2";
			};
			name = Debug;
		};
		0A29FA2F28E6E78D0046DC40 /* Release */ = {
			isa = XCBuildConfiguration;
			buildSettings = {
				ASSETCATALOG_COMPILER_APPICON_NAME = AppIcon;
				ASSETCATALOG_COMPILER_GLOBAL_ACCENT_COLOR_NAME = AccentColor;
				CODE_SIGN_STYLE = Automatic;
				CURRENT_PROJECT_VERSION = 1;
				DEVELOPMENT_ASSET_PATHS = "\"Gratitude/Preview Content\"";
				DEVELOPMENT_TEAM = 7SFL7KYWRD;
				ENABLE_PREVIEWS = YES;
				GENERATE_INFOPLIST_FILE = YES;
				INFOPLIST_FILE = Gratitude/Info.plist;
				INFOPLIST_KEY_UIApplicationSceneManifest_Generation = YES;
				INFOPLIST_KEY_UIApplicationSupportsIndirectInputEvents = YES;
				INFOPLIST_KEY_UILaunchScreen_Generation = YES;
				INFOPLIST_KEY_UISupportedInterfaceOrientations_iPad = "UIInterfaceOrientationPortrait UIInterfaceOrientationPortraitUpsideDown UIInterfaceOrientationLandscapeLeft UIInterfaceOrientationLandscapeRight";
				INFOPLIST_KEY_UISupportedInterfaceOrientations_iPhone = "UIInterfaceOrientationPortrait UIInterfaceOrientationLandscapeLeft UIInterfaceOrientationLandscapeRight";
				LD_RUNPATH_SEARCH_PATHS = (
					"$(inherited)",
					"@executable_path/Frameworks",
				);
				MARKETING_VERSION = 1.0;
				PRODUCT_BUNDLE_IDENTIFIER = com.sukidhar.Gratitude;
				PRODUCT_NAME = "$(TARGET_NAME)";
				SWIFT_EMIT_LOC_STRINGS = YES;
				SWIFT_VERSION = 5.0;
				TARGETED_DEVICE_FAMILY = "1,2";
			};
			name = Release;
		};
/* End XCBuildConfiguration section */

/* Begin XCConfigurationList section */
		0A29FA1A28E6E78C0046DC40 /* Build configuration list for PBXProject "Gratitude" */ = {
			isa = XCConfigurationList;
			buildConfigurations = (
				0A29FA2B28E6E78D0046DC40 /* Debug */,
				0A29FA2C28E6E78D0046DC40 /* Release */,
			);
			defaultConfigurationIsVisible = 0;
			defaultConfigurationName = Release;
		};
		0A29FA2D28E6E78D0046DC40 /* Build configuration list for PBXNativeTarget "Gratitude" */ = {
			isa = XCConfigurationList;
			buildConfigurations = (
				0A29FA2E28E6E78D0046DC40 /* Debug */,
				0A29FA2F28E6E78D0046DC40 /* Release */,
			);
			defaultConfigurationIsVisible = 0;
			defaultConfigurationName = Release;
		};
/* End XCConfigurationList section */

/* Begin XCRemoteSwiftPackageReference section */
		0A29FA3028E6E95F0046DC40 /* XCRemoteSwiftPackageReference "realm-swift" */ = {
			isa = XCRemoteSwiftPackageReference;
			repositoryURL = "https://github.com/realm/realm-swift";
			requirement = {
				branch = master;
				kind = branch;
			};
		};
/* End XCRemoteSwiftPackageReference section */

/* Begin XCSwiftPackageProductDependency section */
		0A29FA3128E6E95F0046DC40 /* Realm */ = {
			isa = XCSwiftPackageProductDependency;
			package = 0A29FA3028E6E95F0046DC40 /* XCRemoteSwiftPackageReference "realm-swift" */;
			productName = Realm;
		};
		0A29FA3328E6E95F0046DC40 /* RealmSwift */ = {
			isa = XCSwiftPackageProductDependency;
			package = 0A29FA3028E6E95F0046DC40 /* XCRemoteSwiftPackageReference "realm-swift" */;
			productName = RealmSwift;
		};
/* End XCSwiftPackageProductDependency section */
	};
	rootObject = 0A29FA1728E6E78C0046DC40 /* Project object */;
}
